
Microsoft Visual Studio Solution File, Format Version 12.00
# Visual Studio Version 16
VisualStudioVersion = 16.0.32126.315
MinimumVisualStudioVersion = 10.0.40219.1
Project("{FAE04EC0-301F-11D3-BF4B-00C04F79EFBC}") = "ExternalWebAPIPrj1", "ExternalWebAPIPrj1\ExternalWebAPIPrj1.csproj", "{386DF203-18A4-4ED9-BC64-EB3913514C6B}"
EndProject
Project("{FAE04EC0-301F-11D3-BF4B-00C04F79EFBC}") = "EmployeeUnitTest", "EmployeeUnitTest\EmployeeUnitTest.csproj", "{C1D2E497-4926-4F17-938D-D2DB27B99486}"
EndProject
Global
	GlobalSection(SolutionConfigurationPlatforms) = preSolution
		Debug|Any CPU = Debug|Any CPU
		Release|Any CPU = Release|Any CPU
	EndGlobalSection
	GlobalSection(ProjectConfigurationPlatforms) = postSolution
		{386DF203-18A4-4ED9-BC64-EB3913514C6B}.Debug|Any CPU.ActiveCfg = Debug|Any CPU
		{386DF203-18A4-4ED9-BC64-EB3913514C6B}.Debug|Any CPU.Build.0 = Debug|Any CPU
		{386DF203-18A4-4ED9-BC64-EB3913514C6B}.Release|Any CPU.ActiveCfg = Release|Any CPU
		{386DF203-18A4-4ED9-BC64-EB3913514C6B}.Release|Any CPU.Build.0 = Release|Any CPU
		{C1D2E497-4926-4F17-938D-D2DB27B99486}.Debug|Any CPU.ActiveCfg = Debug|Any CPU
		{C1D2E497-4926-4F17-938D-D2DB27B99486}.Debug|Any CPU.Build.0 = Debug|Any CPU
		{C1D2E497-4926-4F17-938D-D2DB27B99486}.Release|Any CPU.ActiveCfg = Release|Any CPU
		{C1D2E497-4926-4F17-938D-D2DB27B99486}.Release|Any CPU.Build.0 = Release|Any CPU
	EndGlobalSection
	GlobalSection(SolutionProperties) = preSolution
		HideSolutionNode = FALSE
	EndGlobalSection
	GlobalSection(ExtensibilityGlobals) = postSolution
		SolutionGuid = {74AD9B2D-C2E7-415B-BF4D-A043D24F1B53}
	EndGlobalSection
EndGlobal
